# This file is autogenerated, do not edit; changes may be undone by the next 'dep ensure'.


[[projects]]
  branch = "master"
  digest = "1:115f44e54742b65955e7b907ed3e7f965f6591e0e5e2da0ae19c9b00018097e4"
  name = "github.com/RTradeLtd/config"
  packages = ["."]
  pruneopts = "UT"
  revision = "bb146f9c1b7283be744d24f1cc7f6a29fa202b61"

[[projects]]
  branch = "feat/payments"
  digest = "1:fe8599b4dcda25b8146490c5fa6a11aa19c50d79f1e36fb1769209346b00e303"
  name = "github.com/RTradeLtd/database"
  packages = [
    ".",
    "models",
    "utils",
  ]
  pruneopts = "UT"
  revision = "d6ab627a00afa9411624c6a624fc70dee6db357f"

[[projects]]
  branch = "master"
  digest = "1:4cf11742b199ab3aacf26b00187e72f7ff8ba2145f363b74f295d54f098f79e4"
  name = "github.com/agl/ed25519"
  packages = [
    ".",
    "edwards25519",
    "extra25519",
  ]
  pruneopts = "UT"
  revision = "5312a61534124124185d41f09206b9fef1d88403"

[[projects]]
  digest = "1:f5322546f652db78b7a8efd35047a61d1e492abca2263e1c647eca49e1c8a354"
  name = "github.com/aristanetworks/goarista"
  packages = ["monotime"]
  pruneopts = "UT"
  revision = "ea17b1a17847fb6e4c0a91de0b674704693469b0"

[[projects]]
  digest = "1:477f6df8a1915abb180d730179a4a45212328effdf98cc6ca5b0e5741db00125"
  name = "github.com/btcsuite/btcd"
  packages = ["btcec"]
  pruneopts = "UT"
  revision = "2e60448ffcc6bf78332d1fe590260095f554dd78"

[[projects]]
  digest = "1:0ef770954bca104ee99b3b6b7f9b240605ac03517d9f98cbc1893daa03f3c038"
  name = "github.com/coreos/go-semver"
  packages = ["semver"]
  pruneopts = "UT"
  revision = "8ab6407b697782a06568d4b7f1db25550ec2e4c6"
  version = "v0.2.0"

[[projects]]
  digest = "1:1aeb4854a1c278e842712cd6684f48d595cbdd7839655d37a77248efa08c9fc0"
  name = "github.com/deckarep/golang-set"
  packages = ["."]
  pruneopts = "UT"
  revision = "504e848d77ea4752b3057b8fb46da0e7f746ccf3"

[[projects]]
  digest = "1:b921baa10451cbde725895090f454a7aba7174bf1451a79e499a4bd1cb151fa2"
  name = "github.com/ethereum/go-ethereum"
  packages = [
    ".",
    "accounts",
    "accounts/abi",
    "accounts/abi/bind",
    "accounts/keystore",
    "common",
    "common/hexutil",
    "common/math",
    "common/mclock",
    "common/prque",
    "core/types",
    "crypto",
    "crypto/secp256k1",
    "crypto/sha3",
    "ethclient",
    "ethdb",
    "event",
    "log",
    "metrics",
    "p2p/netutil",
    "params",
    "rlp",
    "rpc",
    "trie",
  ]
  pruneopts = "UT"
  revision = "477eb0933b9529f7deeccc233cc815fe34a8ea56"
  version = "v1.8.16"

[[projects]]
  digest = "1:33542eaf895b5489ccfb059502a721f0e8875379da8b3ff60fdd9212d503705c"
  name = "github.com/go-stack/stack"
  packages = ["."]
  pruneopts = "UT"
  revision = "54be5f394ed2c3e19dac9134a40a95ba5a017f7b"
  version = "v1.5.4"

[[projects]]
  digest = "1:2537bea8e6a4a90946bcd145cbdbd6f54d2dc263b3dee0ad96894e555a474f8b"
  name = "github.com/gogo/protobuf"
  packages = [
    "io",
    "proto",
  ]
  pruneopts = "UT"
  revision = "636bf0302bc95575d69441b25a2603156ffdddf1"
  version = "v1.1.1"

[[projects]]
  branch = "master"
  digest = "1:4a0c6bb4805508a6287675fac876be2ac1182539ca8a32468d8128882e9d5009"
  name = "github.com/golang/snappy"
  packages = ["."]
  pruneopts = "UT"
  revision = "2e65f85255dbc3072edf28d6b5b8efc472979f5a"

[[projects]]
  branch = "master"
  digest = "1:e3ddd1f59d3c84917c99ecb1c3420aa6899f6df7495ba9414c13732b2e9568dd"
  name = "github.com/gxed/hashland"
  packages = ["keccakpg"]
  pruneopts = "UT"
  revision = "d9f6b97f8db22dd1e090fd0bbbe98f09cc7dd0a8"

[[projects]]
  digest = "1:ed70966a7551a60f24c29ab3aac200a6d3da08904239da5f090ba5d552e44e7a"
  name = "github.com/ipfs/go-ipfs-addr"
  packages = ["."]
  pruneopts = "UT"
  revision = "8a5e54182acb16b4523bca2b527d24741737ac6c"
  version = "v0.1.23"

[[projects]]
  digest = "1:43248b562ac2508990699768e9e0c3d8073c2d0081a5f2dbdc5efd727d9ed426"
  name = "github.com/ipfs/go-log"
  packages = [
    ".",
    "tracer",
    "tracer/wire",
    "writer",
  ]
  pruneopts = "UT"
  revision = "14e95105cbafcda64fdc36197fe6a30b23c693dc"
  version = "v1.5.7"

[[projects]]
  branch = "master"
  digest = "1:8f4aedc183dc8dfef9a7a1f1ba205dc87ecd2675eea350a736bda889e3bcf8ea"
  name = "github.com/jbenet/go-temp-err-catcher"
  packages = ["."]
  pruneopts = "UT"
  revision = "aac704a3f4f27190b4ccc05f303a4931fd1241ff"

[[projects]]
  branch = "master"
  digest = "1:d4f705e1c80842d93039d360b5f240099c2c9f835daa8d32dc3e899fbd8ff2b4"
  name = "github.com/jbenet/goprocess"
  packages = ["."]
  pruneopts = "UT"
  revision = "b497e2f366b8624394fb2e89c10ab607bebdde0b"

[[projects]]
  digest = "1:6895fbe5a10c5aebd1965cac6f6905dcdb21bee01e08912d3ba6a805c2485f6a"
  name = "github.com/jinzhu/gorm"
  packages = [
    ".",
    "dialects/postgres",
  ]
  pruneopts = "UT"
  revision = "6ed508ec6a4ecb3531899a69cbc746ccf65a4166"
  version = "v1.9.1"

[[projects]]
  branch = "master"
  digest = "1:fd97437fbb6b7dce04132cf06775bd258cce305c44add58eb55ca86c6c325160"
  name = "github.com/jinzhu/inflection"
  packages = ["."]
  pruneopts = "UT"
  revision = "04140366298a54a039076d798123ffa108fff46c"

[[projects]]
  branch = "master"
  digest = "1:f44d34fda864bed6d6c71514cd40b2ee097e6e67f745d5d014113e1faa5af8b7"
  name = "github.com/konsorten/go-windows-terminal-sequences"
  packages = ["."]
  pruneopts = "UT"
  revision = "b729f2633dfe35f4d1d8a32385f6685610ce1cb5"

[[projects]]
  branch = "master"
  digest = "1:b18ffc558326ebaed3b4a175617f1e12ed4e3f53d6ebfe5ba372a3de16d22278"
  name = "github.com/lib/pq"
  packages = [
    ".",
    "hstore",
    "oid",
  ]
  pruneopts = "UT"
  revision = "4ded0e9383f75c197b3a2aaa6d590ac52df6fd79"

[[projects]]
  digest = "1:8def29718fd7017423644e4702df7f6e4bb2d95ea846a1ce0d9f2bf9a8c6cfa8"
  name = "github.com/libp2p/go-conn-security"
  packages = ["."]
  pruneopts = "UT"
  revision = "49eda33ab1bbdd3ac1115e573a4f8dee777bd901"
  version = "v0.1.10"

[[projects]]
  digest = "1:b92b82f6c66cf530c33fa50a1af98510de8ff62eeffec783234838dfe3b9e6ac"
  name = "github.com/libp2p/go-libp2p-circuit"
  packages = [
    ".",
    "pb",
  ]
  pruneopts = "UT"
  revision = "eca2b86a1bcf00adba4f71b3654c3898b19ef421"
  version = "v2.2.2"

[[projects]]
  digest = "1:4ff86c6d6dd8df23a58e6b6060fea5f150d1a502cdfe8a3e9efd5d25339196c6"
  name = "github.com/libp2p/go-libp2p-crypto"
  packages = [
    ".",
    "pb",
  ]
  pruneopts = "UT"
  revision = "274de1bb6c27780863df6b230c91324ab481dab2"
  version = "v2.0.1"

[[projects]]
  digest = "1:98f32f2bb970764c537ade13a564557166f3ea9b43903a7d06358e9bcd58f0e2"
  name = "github.com/libp2p/go-libp2p-host"
  packages = ["."]
  pruneopts = "UT"
  revision = "28ec0a42060315368874a2e09d7cd4dc6102814c"
  version = "v3.0.10"

[[projects]]
  digest = "1:efbb00d78a66f5bc7c72c49d6897e7cacbb48ba03e5e818a718c9335f560c091"
  name = "github.com/libp2p/go-libp2p-interface-connmgr"
  packages = ["."]
  pruneopts = "UT"
  revision = "74fba35f582dc5026b6dc1c43a7616f01c4598a9"
  version = "v0.0.16"

[[projects]]
  digest = "1:d7341fdf91c4ea53d68c29ad76965bbbb2f7ba09369bfa7f8339ffbeeb49e2f8"
  name = "github.com/libp2p/go-libp2p-interface-pnet"
  packages = ["."]
  pruneopts = "UT"
  revision = "3eda0a328422c06235501df5be481e4b51edc7cf"
  version = "v3.0.0"

[[projects]]
  digest = "1:c03ac9a365876d27a0c7256d45a2e4d6d5b9db88799f36587d38f2ddcf492a4b"
  name = "github.com/libp2p/go-libp2p-net"
  packages = ["."]
  pruneopts = "UT"
  revision = "c070e8fb6eade68612d96e0fbace731f89897d33"
  version = "v3.0.10"

[[projects]]
  digest = "1:3b3e74623f69c1ea25fd0c7093fcc6983f15f0562c3f7b1b6482d91966a18439"
  name = "github.com/libp2p/go-libp2p-peer"
  packages = ["."]
  pruneopts = "UT"
  revision = "993d742bc29dcf4894b7730ba610fd78900be76c"
  version = "v2.3.8"

[[projects]]
  digest = "1:01d06f3ececae7cd39ff70aa5dd7392e40ed4bb4c1a429ec5d1ada26126501c6"
  name = "github.com/libp2p/go-libp2p-peerstore"
  packages = ["."]
  pruneopts = "UT"
  revision = "eef8402e045f9a9513070c30d2c4ee78fd54f10b"
  version = "v2.0.1"

[[projects]]
  digest = "1:99c29233479cb14a63c7cb6b49927a60ae9d6b4b36d74deb12cc45ce503ddeb5"
  name = "github.com/libp2p/go-libp2p-protocol"
  packages = ["."]
  pruneopts = "UT"
  revision = "e34f0d7468b3519bf9bf4e43c1d028ce651eab51"
  version = "v1.0.0"

[[projects]]
  digest = "1:fa75025047756d9ee6ee8306167a49408d2ea78e4cdafe062696dc23a44c0556"
  name = "github.com/libp2p/go-libp2p-transport"
  packages = ["."]
  pruneopts = "UT"
  revision = "bba5e63c9faea32bcb9b5416d70180bf2bc8033b"
  version = "v3.0.10"

[[projects]]
  digest = "1:a856e80f78322c9be50cf10c5abb3731675a8501ebd6c6474f862b409e56b047"
  name = "github.com/libp2p/go-libp2p-transport-upgrader"
  packages = ["."]
  pruneopts = "UT"
  revision = "49139764f899e43870cd4c0485a8bbbb89f467db"
  version = "v0.1.10"

[[projects]]
  digest = "1:5cd9cd7427d07a96e475603bcae6206ff85ecefde1f71c023694342a4bede3e5"
  name = "github.com/libp2p/go-maddr-filter"
  packages = ["."]
  pruneopts = "UT"
  revision = "57fd7e2ed649ba28b4f2c7bcab3a606e7cc4b12c"
  version = "v1.1.9"

[[projects]]
  digest = "1:6dab34eae15e82d15c17cedabb7d641b62731cc5c7a3ed233dba226f8e5cb688"
  name = "github.com/libp2p/go-stream-muxer"
  packages = ["."]
  pruneopts = "UT"
  revision = "2ba231669cdd8d310277307dec6ced95a190c495"
  version = "v3.0.1"

[[projects]]
  digest = "1:c658e84ad3916da105a761660dcaeb01e63416c8ec7bc62256a9b411a05fcd67"
  name = "github.com/mattn/go-colorable"
  packages = ["."]
  pruneopts = "UT"
  revision = "167de6bfdfba052fa6b2d3664c8f5272e23c9072"
  version = "v0.0.9"

[[projects]]
  digest = "1:0981502f9816113c9c8c4ac301583841855c8cf4da8c72f696b3ebedf6d0e4e5"
  name = "github.com/mattn/go-isatty"
  packages = ["."]
  pruneopts = "UT"
  revision = "6ca4dbf54d38eea1a992b3c722a76a5d1c4cb25c"
  version = "v0.0.4"

[[projects]]
  branch = "master"
  digest = "1:130cefe87d7eeefc824978dcb78e35672d4c49a11f25c153fbf0cfd952756fa3"
  name = "github.com/minio/blake2b-simd"
  packages = ["."]
  pruneopts = "UT"
  revision = "3f5f724cb5b182a5c278d6d3d55b40e7f8c2efb4"

[[projects]]
  branch = "master"
  digest = "1:17e048d1af8833670439d1ad0c92305fc1ad503e5d03f37ee667c0074df0fd03"
  name = "github.com/minio/sha256-simd"
  packages = ["."]
  pruneopts = "UT"
  revision = "ad98a36ba0da87206e3378c556abbfeaeaa98668"

[[projects]]
  branch = "master"
  digest = "1:b9b9f43a8a410d633e6547f89e830926741070941f2243d4d3a0bb154f565c9e"
  name = "github.com/mr-tron/base58"
  packages = ["base58"]
  pruneopts = "UT"
  revision = "9ad991d48a423a0e52c77eac173b1b589665492a"

[[projects]]
  digest = "1:e54be212eca970f4d5d39899666aef429c437969783e360a0cab075ba1423a80"
  name = "github.com/multiformats/go-multiaddr"
  packages = ["."]
  pruneopts = "UT"
  revision = "2b4e098f3e0aa2c8bc960f0e4bdc3247efc3749c"
  version = "v1.3.0"

[[projects]]
  digest = "1:d395f9e8e637fe576f096f6cc65862dc6617236316828032b5a26b42bc9a62a0"
  name = "github.com/multiformats/go-multiaddr-net"
  packages = ["."]
  pruneopts = "UT"
  revision = "cba4f9fea8613343eb7ecc4ddadd8e7298a00c39"
  version = "v1.6.3"

[[projects]]
  digest = "1:c0ea71365e7d0e63a2e8f48e6fc2ba92f2f2b739bbeb3cdabdcd719037e175c2"
  name = "github.com/multiformats/go-multihash"
  packages = ["."]
  pruneopts = "UT"
  revision = "8be2a682ab9f254311de1375145a2f78a809b07d"
  version = "v1.0.8"

[[projects]]
  digest = "1:58752a8ce91a3b26ec4ffeb94c9d9e8692b3b639f9ee3e5ca465bda1159b3a9c"
  name = "github.com/multiformats/go-multistream"
  packages = ["."]
  pruneopts = "UT"
  revision = "0e509f6b999d3be262c0702d25fe868c77de1565"
  version = "v0.3.9"

[[projects]]
  branch = "master"
  digest = "1:2a310df93ca94568050811a39898b2a84a0dd798fadd3d1635555bcd2e0eaeac"
  name = "github.com/onrik/ethrpc"
  packages = ["."]
  pruneopts = "UT"
  revision = "66f3f1d39afea0fd81ec4cd0058c49dadd543557"

[[projects]]
  digest = "1:450b7623b185031f3a456801155c8320209f75d0d4c4e633c6b1e59d44d6e392"
  name = "github.com/opentracing/opentracing-go"
  packages = [
    ".",
    "ext",
    "log",
  ]
  pruneopts = "UT"
  revision = "1949ddbfd147afd4d964a9f00b24eb291e0e7c38"
  version = "v1.0.2"

[[projects]]
  digest = "1:361de06aa7ae272616cbe71c3994a654cc6316324e30998e650f7765b20c5b33"
  name = "github.com/pborman/uuid"
  packages = ["."]
  pruneopts = "UT"
  revision = "1b00554d822231195d1babd97ff4a781231955c9"

[[projects]]
  digest = "1:8f4b365e527c00e2ba6b25a4c41ee7b84078c375fba83c971e54d2f0582df279"
  name = "github.com/rjeczalik/notify"
  packages = ["."]
  pruneopts = "UT"
  revision = "0f065fa99b48b842c3fd3e2c8b194c6f2b69f6b8"
  version = "v0.9.1"

[[projects]]
  digest = "1:4b9bd28bbf14271f4b89a6c401589ea5939d14138e0399c253c1939cc4252d2f"
  name = "github.com/rs/cors"
  packages = ["."]
  pruneopts = "UT"
  revision = "a62a804a8a009876ca59105f7899938a1349f4b3"
  version = "v1.0"

[[projects]]
  digest = "1:9665a593c0199c193341b8b110e31b19c899923711fc70bde2c2f3eb2d337526"
  name = "github.com/rs/xhandler"
  packages = ["."]
  pruneopts = "UT"
  revision = "d9d9599b6aaf6a058cb7b1f48291ded2cbd13390"
  version = "v1.0"

[[projects]]
  digest = "1:dc2d85c13ac22c22a1f3170a41a8e1b897fa05134aaf533f16df44f66a25b4a1"
  name = "github.com/sirupsen/logrus"
  packages = ["."]
  pruneopts = "UT"
  revision = "a67f783a3814b8729bd2dac5780b5f78f8dbd64d"
  version = "v1.1.0"

[[projects]]
  digest = "1:919bb3aa6d9d0b67648c219fa4925312bc3c2872da19e818fa769e9c97a2b643"
  name = "github.com/spaolacci/murmur3"
  packages = ["."]
  pruneopts = "UT"
  revision = "9f5d223c60793748f04a9d5b4b4eacddfc1f755d"
  version = "v1.1"

[[projects]]
  branch = "master"
  digest = "1:0c088044c1c1ee83e723692442df4fec9b3f2e57f7a99773485c97adfbc31695"
  name = "github.com/streadway/amqp"
  packages = ["."]
  pruneopts = "UT"
  revision = "70e15c650864f4fc47f5d3c82ea117285480895d"

[[projects]]
  digest = "1:b3cfb8d82b1601a846417c3f31c03a7961862cb2c98dcf0959c473843e6d9a2b"
  name = "github.com/syndtr/goleveldb"
  packages = [
    "leveldb",
    "leveldb/cache",
    "leveldb/comparer",
    "leveldb/errors",
    "leveldb/filter",
    "leveldb/iterator",
    "leveldb/journal",
    "leveldb/memdb",
    "leveldb/opt",
    "leveldb/storage",
    "leveldb/table",
    "leveldb/util",
  ]
  pruneopts = "UT"
  revision = "c4c61651e9e37fa117f53c5a906d3b63090d8445"

[[projects]]
  branch = "master"
  digest = "1:0102dfa2f98777db8ff68c920bef1be3ff8504e90485b6cdd24d61b981b487b6"
  name = "github.com/whyrusleeping/go-logging"
  packages = ["."]
  pruneopts = "UT"
  revision = "0457bb6b88fc1973573aaf6b5145d8d3ae972390"

[[projects]]
  branch = "master"
  digest = "1:e5c7492fa2b86cae79bfcaefc45f40d9da0872b097cf49ede1441c3470424a9e"
  name = "golang.org/x/crypto"
  packages = [
    "bcrypt",
    "blake2s",
    "blowfish",
    "pbkdf2",
    "scrypt",
    "sha3",
    "ssh/terminal",
  ]
  pruneopts = "UT"
  revision = "0e37d006457bf46f9e6692014ba72ef82c33022c"

[[projects]]
  branch = "master"
  digest = "1:290b8002a96a5f5c1bd8316884f6e2414f5fb1e46a22bbd5a1ff0d45dc944cb3"
  name = "golang.org/x/net"
  packages = [
    "context",
    "websocket",
  ]
  pruneopts = "UT"
  revision = "4dfa2610cdf3b287375bbba5b8f2a14d3b01d8de"

[[projects]]
  branch = "master"
  digest = "1:709223c660898df28ca16ea060bcf2f5dd3a6f3546d108aa3c2721f576f0e800"
  name = "golang.org/x/sys"
  packages = [
    "cpu",
    "unix",
    "windows",
  ]
  pruneopts = "UT"
  revision = "c2ed4eda69e7f62900806e4cd6e45f0429f859fa"

[[projects]]
  digest = "1:623bd29e39e30952f3a4d5bc07f222c30e30f95813c749d9e8147bbc4293a774"
  name = "golang.org/x/tools"
  packages = [
    "go/ast/astutil",
    "imports",
  ]
  pruneopts = "UT"
  revision = "be0fcc31ae2332374e800dfff29b721c585b35df"

[[projects]]
  branch = "v2"
  digest = "1:3d3f9391ab615be8655ae0d686a1564f3fec413979bb1aaf018bac1ec1bb1cc7"
  name = "gopkg.in/natefinch/npipe.v2"
  packages = ["."]
  pruneopts = "UT"
  revision = "c1b8fa8bdccecb0b8db834ee0b92fdbcfa606dd6"

[solve-meta]
  analyzer-name = "dep"
  analyzer-version = 1
  input-imports = [
    "github.com/RTradeLtd/config",
    "github.com/RTradeLtd/database",
    "github.com/RTradeLtd/database/models",
    "github.com/ethereum/go-ethereum/accounts/abi/bind",
    "github.com/ethereum/go-ethereum/common",
    "github.com/ethereum/go-ethereum/core/types",
    "github.com/ethereum/go-ethereum/ethclient",
    "github.com/jinzhu/gorm",
    "github.com/onrik/ethrpc",
    "github.com/sirupsen/logrus",
    "github.com/streadway/amqp",
  ]
  solver-name = "gps-cdcl"
  solver-version = 1
